
Microsoft Visual Studio Solution File, Format Version 12.00
Project("{FAE04EC0-301F-11D3-BF4B-00C04F79EFBC}") = "CakeBuild", "CakeBuild\CakeBuild.csproj", "{C2980D78-5D0E-48FF-8C08-C9A6A8F928F0}"
EndProject
Project("{FAE04EC0-301F-11D3-BF4B-00C04F79EFBC}") = "FiniteWater", "FiniteWater\FiniteWater.csproj", "{27AD6163-E03A-4176-8F4F-4AD60815EB59}"
EndProject
Global
	GlobalSection(SolutionConfigurationPlatforms) = preSolution
		Debug|Any CPU = Debug|Any CPU
		Release|Any CPU = Release|Any CPU
	EndGlobalSection
	GlobalSection(ProjectConfigurationPlatforms) = postSolution
		{C2980D78-5D0E-48FF-8C08-C9A6A8F928F0}.Debug|Any CPU.ActiveCfg = Debug|Any CPU
		{C2980D78-5D0E-48FF-8C08-C9A6A8F928F0}.Debug|Any CPU.Build.0 = Debug|Any CPU
		{C2980D78-5D0E-48FF-8C08-C9A6A8F928F0}.Release|Any CPU.ActiveCfg = Release|Any CPU
		{C2980D78-5D0E-48FF-8C08-C9A6A8F928F0}.Release|Any CPU.Build.0 = Release|Any CPU
		{27AD6163-E03A-4176-8F4F-4AD60815EB59}.Debug|Any CPU.ActiveCfg = Debug|Any CPU
		{27AD6163-E03A-4176-8F4F-4AD60815EB59}.Debug|Any CPU.Build.0 = Debug|Any CPU
		{27AD6163-E03A-4176-8F4F-4AD60815EB59}.Release|Any CPU.ActiveCfg = Release|Any CPU
		{27AD6163-E03A-4176-8F4F-4AD60815EB59}.Release|Any CPU.Build.0 = Release|Any CPU
	EndGlobalSection
EndGlobal
